
Microsoft Visual Studio Solution File, Format Version 12.00
# Visual Studio Version 17
VisualStudioVersion = 17.2.32616.157
MinimumVisualStudioVersion = 10.0.40219.1
Project("{FAE04EC0-301F-11D3-BF4B-00C04F79EFBC}") = "Calculadora_Mariana", "Calculadora_Mariana.csproj", "{8055D812-3B0D-4482-AAC2-8CF4E58EDBE1}"
EndProject
Global
	GlobalSection(SolutionConfigurationPlatforms) = preSolution
		Debug|Any CPU = Debug|Any CPU
		Release|Any CPU = Release|Any CPU
	EndGlobalSection
	GlobalSection(ProjectConfigurationPlatforms) = postSolution
		{8055D812-3B0D-4482-AAC2-8CF4E58EDBE1}.Debug|Any CPU.ActiveCfg = Debug|Any CPU
		{8055D812-3B0D-4482-AAC2-8CF4E58EDBE1}.Debug|Any CPU.Build.0 = Debug|Any CPU
		{8055D812-3B0D-4482-AAC2-8CF4E58EDBE1}.Release|Any CPU.ActiveCfg = Release|Any CPU
		{8055D812-3B0D-4482-AAC2-8CF4E58EDBE1}.Release|Any CPU.Build.0 = Release|Any CPU
	EndGlobalSection
	GlobalSection(SolutionProperties) = preSolution
		HideSolutionNode = FALSE
	EndGlobalSection
	GlobalSection(ExtensibilityGlobals) = postSolution
		SolutionGuid = {74FA0BC5-C574-4371-8EA7-70FC589D00F1}
	EndGlobalSection
EndGlobal
